
Microsoft Visual Studio Solution File, Format Version 12.00
# Visual Studio Version 17
VisualStudioVersion = 17.0.31611.283
MinimumVisualStudioVersion = 10.0.40219.1
Project("{FAE04EC0-301F-11D3-BF4B-00C04F79EFBC}") = "NWDFoundation", "NWDNuGet\NWDFoundation\NWDFoundation.csproj", "{D660D6E8-B06A-424B-9460-74F2FC471453}"
EndProject
Project("{FAE04EC0-301F-11D3-BF4B-00C04F79EFBC}") = "NWDWeb", "NWDWeb\NWDWeb.csproj", "{CF0242F8-32DB-4526-AAB9-010B4ABDF190}"
EndProject
Project("{FAE04EC0-301F-11D3-BF4B-00C04F79EFBC}") = "NWDCustomModels", "NWDNuGet\NWDCustomModels\NWDCustomModels.csproj", "{E3CA173E-FA79-42F7-A06E-93788F912297}"
EndProject
Project("{FAE04EC0-301F-11D3-BF4B-00C04F79EFBC}") = "NWDEditor", "NWDNuGet\NWDEditor\NWDEditor.csproj", "{592C7311-94E5-4F75-8D8F-F6275B41B035}"
EndProject
Project("{FAE04EC0-301F-11D3-BF4B-00C04F79EFBC}") = "NWDRuntime", "NWDNuGet\NWDRuntime\NWDRuntime.csproj", "{ECEC07BB-6D4B-4512-95E9-52F62635024E}"
EndProject
Project("{FAE04EC0-301F-11D3-BF4B-00C04F79EFBC}") = "NWDStandardModels", "NWDNuGet\NWDStandardModels\NWDStandardModels.csproj", "{1CA97A11-65AD-48D2-A46D-69CA395F6DD2}"
EndProject
Project("{FAE04EC0-301F-11D3-BF4B-00C04F79EFBC}") = "NWDWebRuntime", "NWDNuGet\NWDWebRuntime\NWDWebRuntime.csproj", "{1E694226-525B-4A5B-BDD6-037D0E8FD0DC}"
EndProject
Project("{FAE04EC0-301F-11D3-BF4B-00C04F79EFBC}") = "NWDWebDownloader", "NWDNuGet\NWDWebDownloader\NWDWebDownloader.csproj", "{A911C3FC-A731-4C09-AC81-0770112A3B79}"
EndProject
Project("{FAE04EC0-301F-11D3-BF4B-00C04F79EFBC}") = "NWDWebEditor", "NWDNuGet\NWDWebEditor\NWDWebEditor.csproj", "{24AE2772-73E1-4EE0-A39D-444A46E0097D}"
EndProject
Project("{FAE04EC0-301F-11D3-BF4B-00C04F79EFBC}") = "NWDWebGitLabReport", "NWDNuGet\NWDWebGitLabReport\NWDWebGitLabReport.csproj", "{2E08FDF3-859C-4A1D-899B-124CD3AB56E8}"
EndProject
Project("{FAE04EC0-301F-11D3-BF4B-00C04F79EFBC}") = "NWDWebHttpErrorSimulator", "NWDNuGet\NWDWebHttpErrorSimulator\NWDWebHttpErrorSimulator.csproj", "{BB882859-0CD1-440E-B123-02F56BEC6543}"
EndProject
Project("{FAE04EC0-301F-11D3-BF4B-00C04F79EFBC}") = "NWDWebPlayerDemo", "NWDNuGet\NWDWebPlayerDemo\NWDWebPlayerDemo.csproj", "{45FA8CF6-DEEC-478F-88F8-F8432F3BB80B}"
EndProject
Project("{FAE04EC0-301F-11D3-BF4B-00C04F79EFBC}") = "NWDWebStandard", "NWDNuGet\NWDWebStandard\NWDWebStandard.csproj", "{3173DEE8-8821-4B4D-8B86-416B4108FAE7}"
EndProject
Project("{FAE04EC0-301F-11D3-BF4B-00C04F79EFBC}") = "NWDWebStudioDemo", "NWDNuGet\NWDWebStudioDemo\NWDWebStudioDemo.csproj", "{F347A0A0-BB90-45DC-BF41-5FB2B26713DB}"
EndProject
Project("{FAE04EC0-301F-11D3-BF4B-00C04F79EFBC}") = "NWDWebTrackException", "NWDNuGet\NWDWebTrackException\NWDWebTrackException.csproj", "{B9335F8E-7154-49E4-B8F9-E54ABB765A67}"
EndProject
Project("{FAE04EC0-301F-11D3-BF4B-00C04F79EFBC}") = "NWDWebUploader", "NWDNuGet\NWDWebUploader\NWDWebUploader.csproj", "{67687508-CE15-4167-AA27-ABF60890AF29}"
EndProject
Project("{FAE04EC0-301F-11D3-BF4B-00C04F79EFBC}") = "NWDHub", "NWDNuGet\NWDHub\NWDHub.csproj", "{5097F37F-BBEA-4565-949F-BF5EFA5F53BE}"
EndProject
Project("{FAE04EC0-301F-11D3-BF4B-00C04F79EFBC}") = "NWDServerBack", "NWDNuGet\NWDServerBack\NWDServerBack.csproj", "{93C9BBCC-12E4-4318-B7A4-C899C998CEBD}"
EndProject
Project("{FAE04EC0-301F-11D3-BF4B-00C04F79EFBC}") = "NWDServerFront", "NWDNuGet\NWDServerFront\NWDServerFront.csproj", "{FAF7A9C2-CF9D-4F38-8DA4-CED14E480ABB}"
EndProject
Project("{FAE04EC0-301F-11D3-BF4B-00C04F79EFBC}") = "NWDServerMiddle", "NWDNuGet\NWDServerMiddle\NWDServerMiddle.csproj", "{F5B99EB4-A0C1-4A5E-8AC3-A452E20EACB9}"
EndProject
Project("{FAE04EC0-301F-11D3-BF4B-00C04F79EFBC}") = "NWDServerShared", "NWDNuGet\NWDServerShared\NWDServerShared.csproj", "{D59E2FA9-1703-4E9D-BCC5-AB79E2280DA4}"
EndProject
Project("{FAE04EC0-301F-11D3-BF4B-00C04F79EFBC}") = "NWDDatabaseAccess", "NWDNuGet\NWDDatabaseAccess\NWDDatabaseAccess.csproj", "{FCBD7708-7483-445C-B80D-E332F411C0B3}"
EndProject
Project("{FAE04EC0-301F-11D3-BF4B-00C04F79EFBC}") = "NWDWebDevelopment", "NWDNuGet\NWDWebDevelopment\NWDWebDevelopment.csproj", "{2EDC2C89-258A-4A07-BA67-2FFE42AFC356}"
EndProject
Project("{FAE04EC0-301F-11D3-BF4B-00C04F79EFBC}") = "NWDDocumentationGenerator", "NWDDocumentationGenerator\NWDDocumentationGenerator.csproj", "{A0EB5498-B4FA-4C26-8FF2-13CD875F87C0}"
EndProject
Project("{FAE04EC0-301F-11D3-BF4B-00C04F79EFBC}") = "UnitTest", "UnitTest\UnitTest.csproj", "{6BCCAD10-1AC4-4679-88AF-9A6217AC582F}"
EndProject
Project("{FAE04EC0-301F-11D3-BF4B-00C04F79EFBC}") = "NWDCrucial", "NWDNuGet\NWDCrucial\NWDCrucial.csproj", "{12F06097-C8C5-415D-98A6-AC15ACCD7F3A}"
EndProject
Project("{FAE04EC0-301F-11D3-BF4B-00C04F79EFBC}") = "NWDTreat", "NWDNuGet\NWDTreat\NWDTreat.csproj", "{591C4C03-CE3A-436C-85D3-D7719A0ADCD2}"
EndProject
Project("{FAE04EC0-301F-11D3-BF4B-00C04F79EFBC}") = "NWDWebTreat", "NWDNuGet\NWDWebTreat\NWDWebTreat.csproj", "{E435BD0F-C767-4466-913E-62791F97D3BE}"
EndProject
Project("{FAE04EC0-301F-11D3-BF4B-00C04F79EFBC}") = "NWDIdemobi", "NWDNuGet\NWDIdemobi\NWDIdemobi.csproj", "{1CD4DA4D-41B6-44AA-AA8E-522C99F8F0DD}"
EndProject
Project("{FAE04EC0-301F-11D3-BF4B-00C04F79EFBC}") = "NWDWebDemo", "NWDWebDemo\NWDWebDemo.csproj", "{884DCA39-CE66-42D0-A5E9-652133F024B9}"
EndProject
Project("{FAE04EC0-301F-11D3-BF4B-00C04F79EFBC}") = "NWDServerHumanInterface", "NWDNuGet\NWDServerHumanInterface\NWDServerHumanInterface.csproj", "{60646FDD-F654-4630-AF0C-F3C997A3C4CB}"
EndProject
Project("{FAE04EC0-301F-11D3-BF4B-00C04F79EFBC}") = "NWDPlayerStatistic", "NWDNuGet\NWDPlayerStatistic\NWDPlayerStatistic.csproj", "{BA9FA903-1B75-4A41-AB99-5ACCFC8D5BD1}"
EndProject
Project("{FAE04EC0-301F-11D3-BF4B-00C04F79EFBC}") = "NWDMaui", "NWDMaui\NWDMaui.csproj", "{B75F18AF-8C7D-402F-909D-B53A00AE8F84}"
EndProject
Project("{FAE04EC0-301F-11D3-BF4B-00C04F79EFBC}") = "NWDMauiRuntime", "NWDMauiRuntime\NWDMauiRuntime.csproj", "{6F2D572F-2258-4D71-9DAB-4C20C9F09E9A}"
EndProject
Global
	GlobalSection(SolutionConfigurationPlatforms) = preSolution
		Debug|Any CPU = Debug|Any CPU
		Release|Any CPU = Release|Any CPU
	EndGlobalSection
	GlobalSection(ProjectConfigurationPlatforms) = postSolution
		{CF0242F8-32DB-4526-AAB9-010B4ABDF190}.Debug|Any CPU.ActiveCfg = Debug|Any CPU
		{CF0242F8-32DB-4526-AAB9-010B4ABDF190}.Debug|Any CPU.Build.0 = Debug|Any CPU
		{CF0242F8-32DB-4526-AAB9-010B4ABDF190}.Release|Any CPU.ActiveCfg = Release|Any CPU
		{CF0242F8-32DB-4526-AAB9-010B4ABDF190}.Release|Any CPU.Build.0 = Release|Any CPU
		{E3CA173E-FA79-42F7-A06E-93788F912297}.Debug|Any CPU.ActiveCfg = Debug|Any CPU
		{E3CA173E-FA79-42F7-A06E-93788F912297}.Debug|Any CPU.Build.0 = Debug|Any CPU
		{E3CA173E-FA79-42F7-A06E-93788F912297}.Release|Any CPU.ActiveCfg = Release|Any CPU
		{E3CA173E-FA79-42F7-A06E-93788F912297}.Release|Any CPU.Build.0 = Release|Any CPU
		{592C7311-94E5-4F75-8D8F-F6275B41B035}.Debug|Any CPU.ActiveCfg = Debug|Any CPU
		{592C7311-94E5-4F75-8D8F-F6275B41B035}.Debug|Any CPU.Build.0 = Debug|Any CPU
		{592C7311-94E5-4F75-8D8F-F6275B41B035}.Release|Any CPU.ActiveCfg = Release|Any CPU
		{592C7311-94E5-4F75-8D8F-F6275B41B035}.Release|Any CPU.Build.0 = Release|Any CPU
		{ECEC07BB-6D4B-4512-95E9-52F62635024E}.Debug|Any CPU.ActiveCfg = Debug|Any CPU
		{ECEC07BB-6D4B-4512-95E9-52F62635024E}.Debug|Any CPU.Build.0 = Debug|Any CPU
		{ECEC07BB-6D4B-4512-95E9-52F62635024E}.Release|Any CPU.ActiveCfg = Release|Any CPU
		{ECEC07BB-6D4B-4512-95E9-52F62635024E}.Release|Any CPU.Build.0 = Release|Any CPU
		{1CA97A11-65AD-48D2-A46D-69CA395F6DD2}.Debug|Any CPU.ActiveCfg = Debug|Any CPU
		{1CA97A11-65AD-48D2-A46D-69CA395F6DD2}.Debug|Any CPU.Build.0 = Debug|Any CPU
		{1CA97A11-65AD-48D2-A46D-69CA395F6DD2}.Release|Any CPU.ActiveCfg = Release|Any CPU
		{1CA97A11-65AD-48D2-A46D-69CA395F6DD2}.Release|Any CPU.Build.0 = Release|Any CPU
		{1E694226-525B-4A5B-BDD6-037D0E8FD0DC}.Debug|Any CPU.ActiveCfg = Debug|Any CPU
		{1E694226-525B-4A5B-BDD6-037D0E8FD0DC}.Debug|Any CPU.Build.0 = Debug|Any CPU
		{1E694226-525B-4A5B-BDD6-037D0E8FD0DC}.Release|Any CPU.ActiveCfg = Release|Any CPU
		{1E694226-525B-4A5B-BDD6-037D0E8FD0DC}.Release|Any CPU.Build.0 = Release|Any CPU
		{A911C3FC-A731-4C09-AC81-0770112A3B79}.Debug|Any CPU.ActiveCfg = Debug|Any CPU
		{A911C3FC-A731-4C09-AC81-0770112A3B79}.Debug|Any CPU.Build.0 = Debug|Any CPU
		{A911C3FC-A731-4C09-AC81-0770112A3B79}.Release|Any CPU.ActiveCfg = Release|Any CPU
		{A911C3FC-A731-4C09-AC81-0770112A3B79}.Release|Any CPU.Build.0 = Release|Any CPU
		{24AE2772-73E1-4EE0-A39D-444A46E0097D}.Debug|Any CPU.ActiveCfg = Debug|Any CPU
		{24AE2772-73E1-4EE0-A39D-444A46E0097D}.Debug|Any CPU.Build.0 = Debug|Any CPU
		{24AE2772-73E1-4EE0-A39D-444A46E0097D}.Release|Any CPU.ActiveCfg = Release|Any CPU
		{24AE2772-73E1-4EE0-A39D-444A46E0097D}.Release|Any CPU.Build.0 = Release|Any CPU
		{2E08FDF3-859C-4A1D-899B-124CD3AB56E8}.Debug|Any CPU.ActiveCfg = Debug|Any CPU
		{2E08FDF3-859C-4A1D-899B-124CD3AB56E8}.Debug|Any CPU.Build.0 = Debug|Any CPU
		{2E08FDF3-859C-4A1D-899B-124CD3AB56E8}.Release|Any CPU.ActiveCfg = Release|Any CPU
		{2E08FDF3-859C-4A1D-899B-124CD3AB56E8}.Release|Any CPU.Build.0 = Release|Any CPU
		{BB882859-0CD1-440E-B123-02F56BEC6543}.Debug|Any CPU.ActiveCfg = Debug|Any CPU
		{BB882859-0CD1-440E-B123-02F56BEC6543}.Debug|Any CPU.Build.0 = Debug|Any CPU
		{BB882859-0CD1-440E-B123-02F56BEC6543}.Release|Any CPU.ActiveCfg = Release|Any CPU
		{BB882859-0CD1-440E-B123-02F56BEC6543}.Release|Any CPU.Build.0 = Release|Any CPU
		{45FA8CF6-DEEC-478F-88F8-F8432F3BB80B}.Debug|Any CPU.ActiveCfg = Debug|Any CPU
		{45FA8CF6-DEEC-478F-88F8-F8432F3BB80B}.Debug|Any CPU.Build.0 = Debug|Any CPU
		{45FA8CF6-DEEC-478F-88F8-F8432F3BB80B}.Release|Any CPU.ActiveCfg = Release|Any CPU
		{45FA8CF6-DEEC-478F-88F8-F8432F3BB80B}.Release|Any CPU.Build.0 = Release|Any CPU
		{3173DEE8-8821-4B4D-8B86-416B4108FAE7}.Debug|Any CPU.ActiveCfg = Debug|Any CPU
		{3173DEE8-8821-4B4D-8B86-416B4108FAE7}.Debug|Any CPU.Build.0 = Debug|Any CPU
		{3173DEE8-8821-4B4D-8B86-416B4108FAE7}.Release|Any CPU.ActiveCfg = Release|Any CPU
		{3173DEE8-8821-4B4D-8B86-416B4108FAE7}.Release|Any CPU.Build.0 = Release|Any CPU
		{F347A0A0-BB90-45DC-BF41-5FB2B26713DB}.Debug|Any CPU.ActiveCfg = Debug|Any CPU
		{F347A0A0-BB90-45DC-BF41-5FB2B26713DB}.Debug|Any CPU.Build.0 = Debug|Any CPU
		{F347A0A0-BB90-45DC-BF41-5FB2B26713DB}.Release|Any CPU.ActiveCfg = Release|Any CPU
		{F347A0A0-BB90-45DC-BF41-5FB2B26713DB}.Release|Any CPU.Build.0 = Release|Any CPU
		{B9335F8E-7154-49E4-B8F9-E54ABB765A67}.Debug|Any CPU.ActiveCfg = Debug|Any CPU
		{B9335F8E-7154-49E4-B8F9-E54ABB765A67}.Debug|Any CPU.Build.0 = Debug|Any CPU
		{B9335F8E-7154-49E4-B8F9-E54ABB765A67}.Release|Any CPU.ActiveCfg = Release|Any CPU
		{B9335F8E-7154-49E4-B8F9-E54ABB765A67}.Release|Any CPU.Build.0 = Release|Any CPU
		{67687508-CE15-4167-AA27-ABF60890AF29}.Debug|Any CPU.ActiveCfg = Debug|Any CPU
		{67687508-CE15-4167-AA27-ABF60890AF29}.Debug|Any CPU.Build.0 = Debug|Any CPU
		{67687508-CE15-4167-AA27-ABF60890AF29}.Release|Any CPU.ActiveCfg = Release|Any CPU
		{67687508-CE15-4167-AA27-ABF60890AF29}.Release|Any CPU.Build.0 = Release|Any CPU
		{5097F37F-BBEA-4565-949F-BF5EFA5F53BE}.Debug|Any CPU.ActiveCfg = Debug|Any CPU
		{5097F37F-BBEA-4565-949F-BF5EFA5F53BE}.Debug|Any CPU.Build.0 = Debug|Any CPU
		{5097F37F-BBEA-4565-949F-BF5EFA5F53BE}.Release|Any CPU.ActiveCfg = Release|Any CPU
		{5097F37F-BBEA-4565-949F-BF5EFA5F53BE}.Release|Any CPU.Build.0 = Release|Any CPU
		{D660D6E8-B06A-424B-9460-74F2FC471453}.Debug|Any CPU.ActiveCfg = Debug|Any CPU
		{D660D6E8-B06A-424B-9460-74F2FC471453}.Debug|Any CPU.Build.0 = Debug|Any CPU
		{D660D6E8-B06A-424B-9460-74F2FC471453}.Release|Any CPU.ActiveCfg = Release|Any CPU
		{D660D6E8-B06A-424B-9460-74F2FC471453}.Release|Any CPU.Build.0 = Release|Any CPU
		{93C9BBCC-12E4-4318-B7A4-C899C998CEBD}.Debug|Any CPU.ActiveCfg = Debug|Any CPU
		{93C9BBCC-12E4-4318-B7A4-C899C998CEBD}.Debug|Any CPU.Build.0 = Debug|Any CPU
		{93C9BBCC-12E4-4318-B7A4-C899C998CEBD}.Release|Any CPU.ActiveCfg = Release|Any CPU
		{93C9BBCC-12E4-4318-B7A4-C899C998CEBD}.Release|Any CPU.Build.0 = Release|Any CPU
		{FAF7A9C2-CF9D-4F38-8DA4-CED14E480ABB}.Debug|Any CPU.ActiveCfg = Debug|Any CPU
		{FAF7A9C2-CF9D-4F38-8DA4-CED14E480ABB}.Debug|Any CPU.Build.0 = Debug|Any CPU
		{FAF7A9C2-CF9D-4F38-8DA4-CED14E480ABB}.Release|Any CPU.ActiveCfg = Release|Any CPU
		{FAF7A9C2-CF9D-4F38-8DA4-CED14E480ABB}.Release|Any CPU.Build.0 = Release|Any CPU
		{F5B99EB4-A0C1-4A5E-8AC3-A452E20EACB9}.Debug|Any CPU.ActiveCfg = Debug|Any CPU
		{F5B99EB4-A0C1-4A5E-8AC3-A452E20EACB9}.Debug|Any CPU.Build.0 = Debug|Any CPU
		{F5B99EB4-A0C1-4A5E-8AC3-A452E20EACB9}.Release|Any CPU.ActiveCfg = Release|Any CPU
		{F5B99EB4-A0C1-4A5E-8AC3-A452E20EACB9}.Release|Any CPU.Build.0 = Release|Any CPU
		{D59E2FA9-1703-4E9D-BCC5-AB79E2280DA4}.Debug|Any CPU.ActiveCfg = Debug|Any CPU
		{D59E2FA9-1703-4E9D-BCC5-AB79E2280DA4}.Debug|Any CPU.Build.0 = Debug|Any CPU
		{D59E2FA9-1703-4E9D-BCC5-AB79E2280DA4}.Release|Any CPU.ActiveCfg = Release|Any CPU
		{D59E2FA9-1703-4E9D-BCC5-AB79E2280DA4}.Release|Any CPU.Build.0 = Release|Any CPU
		{FCBD7708-7483-445C-B80D-E332F411C0B3}.Debug|Any CPU.ActiveCfg = Debug|Any CPU
		{FCBD7708-7483-445C-B80D-E332F411C0B3}.Debug|Any CPU.Build.0 = Debug|Any CPU
		{FCBD7708-7483-445C-B80D-E332F411C0B3}.Release|Any CPU.ActiveCfg = Release|Any CPU
		{FCBD7708-7483-445C-B80D-E332F411C0B3}.Release|Any CPU.Build.0 = Release|Any CPU
		{2EDC2C89-258A-4A07-BA67-2FFE42AFC356}.Debug|Any CPU.ActiveCfg = Debug|Any CPU
		{2EDC2C89-258A-4A07-BA67-2FFE42AFC356}.Debug|Any CPU.Build.0 = Debug|Any CPU
		{2EDC2C89-258A-4A07-BA67-2FFE42AFC356}.Release|Any CPU.ActiveCfg = Release|Any CPU
		{2EDC2C89-258A-4A07-BA67-2FFE42AFC356}.Release|Any CPU.Build.0 = Release|Any CPU
		{A0EB5498-B4FA-4C26-8FF2-13CD875F87C0}.Debug|Any CPU.ActiveCfg = Debug|Any CPU
		{A0EB5498-B4FA-4C26-8FF2-13CD875F87C0}.Debug|Any CPU.Build.0 = Debug|Any CPU
		{A0EB5498-B4FA-4C26-8FF2-13CD875F87C0}.Release|Any CPU.ActiveCfg = Release|Any CPU
		{A0EB5498-B4FA-4C26-8FF2-13CD875F87C0}.Release|Any CPU.Build.0 = Release|Any CPU
		{6BCCAD10-1AC4-4679-88AF-9A6217AC582F}.Debug|Any CPU.ActiveCfg = Debug|Any CPU
		{6BCCAD10-1AC4-4679-88AF-9A6217AC582F}.Debug|Any CPU.Build.0 = Debug|Any CPU
		{6BCCAD10-1AC4-4679-88AF-9A6217AC582F}.Release|Any CPU.ActiveCfg = Release|Any CPU
		{6BCCAD10-1AC4-4679-88AF-9A6217AC582F}.Release|Any CPU.Build.0 = Release|Any CPU
		{12F06097-C8C5-415D-98A6-AC15ACCD7F3A}.Debug|Any CPU.ActiveCfg = Debug|Any CPU
		{12F06097-C8C5-415D-98A6-AC15ACCD7F3A}.Debug|Any CPU.Build.0 = Debug|Any CPU
		{12F06097-C8C5-415D-98A6-AC15ACCD7F3A}.Release|Any CPU.ActiveCfg = Release|Any CPU
		{12F06097-C8C5-415D-98A6-AC15ACCD7F3A}.Release|Any CPU.Build.0 = Release|Any CPU
		{591C4C03-CE3A-436C-85D3-D7719A0ADCD2}.Debug|Any CPU.ActiveCfg = Debug|Any CPU
		{591C4C03-CE3A-436C-85D3-D7719A0ADCD2}.Debug|Any CPU.Build.0 = Debug|Any CPU
		{591C4C03-CE3A-436C-85D3-D7719A0ADCD2}.Release|Any CPU.ActiveCfg = Release|Any CPU
		{591C4C03-CE3A-436C-85D3-D7719A0ADCD2}.Release|Any CPU.Build.0 = Release|Any CPU
		{E435BD0F-C767-4466-913E-62791F97D3BE}.Debug|Any CPU.ActiveCfg = Debug|Any CPU
		{E435BD0F-C767-4466-913E-62791F97D3BE}.Debug|Any CPU.Build.0 = Debug|Any CPU
		{E435BD0F-C767-4466-913E-62791F97D3BE}.Release|Any CPU.ActiveCfg = Release|Any CPU
		{E435BD0F-C767-4466-913E-62791F97D3BE}.Release|Any CPU.Build.0 = Release|Any CPU
		{1CD4DA4D-41B6-44AA-AA8E-522C99F8F0DD}.Debug|Any CPU.ActiveCfg = Debug|Any CPU
		{1CD4DA4D-41B6-44AA-AA8E-522C99F8F0DD}.Debug|Any CPU.Build.0 = Debug|Any CPU
		{1CD4DA4D-41B6-44AA-AA8E-522C99F8F0DD}.Release|Any CPU.ActiveCfg = Release|Any CPU
		{1CD4DA4D-41B6-44AA-AA8E-522C99F8F0DD}.Release|Any CPU.Build.0 = Release|Any CPU
		{884DCA39-CE66-42D0-A5E9-652133F024B9}.Debug|Any CPU.ActiveCfg = Debug|Any CPU
		{884DCA39-CE66-42D0-A5E9-652133F024B9}.Debug|Any CPU.Build.0 = Debug|Any CPU
		{884DCA39-CE66-42D0-A5E9-652133F024B9}.Release|Any CPU.ActiveCfg = Release|Any CPU
		{884DCA39-CE66-42D0-A5E9-652133F024B9}.Release|Any CPU.Build.0 = Release|Any CPU
		{60646FDD-F654-4630-AF0C-F3C997A3C4CB}.Debug|Any CPU.ActiveCfg = Debug|Any CPU
		{60646FDD-F654-4630-AF0C-F3C997A3C4CB}.Debug|Any CPU.Build.0 = Debug|Any CPU
		{60646FDD-F654-4630-AF0C-F3C997A3C4CB}.Release|Any CPU.ActiveCfg = Release|Any CPU
		{60646FDD-F654-4630-AF0C-F3C997A3C4CB}.Release|Any CPU.Build.0 = Release|Any CPU
		{BA9FA903-1B75-4A41-AB99-5ACCFC8D5BD1}.Debug|Any CPU.ActiveCfg = Debug|Any CPU
		{BA9FA903-1B75-4A41-AB99-5ACCFC8D5BD1}.Debug|Any CPU.Build.0 = Debug|Any CPU
		{BA9FA903-1B75-4A41-AB99-5ACCFC8D5BD1}.Release|Any CPU.ActiveCfg = Release|Any CPU
		{BA9FA903-1B75-4A41-AB99-5ACCFC8D5BD1}.Release|Any CPU.Build.0 = Release|Any CPU
		{B75F18AF-8C7D-402F-909D-B53A00AE8F84}.Debug|Any CPU.ActiveCfg = Debug|Any CPU
		{B75F18AF-8C7D-402F-909D-B53A00AE8F84}.Debug|Any CPU.Build.0 = Debug|Any CPU
		{B75F18AF-8C7D-402F-909D-B53A00AE8F84}.Release|Any CPU.ActiveCfg = Release|Any CPU
		{B75F18AF-8C7D-402F-909D-B53A00AE8F84}.Release|Any CPU.Build.0 = Release|Any CPU
		{6F2D572F-2258-4D71-9DAB-4C20C9F09E9A}.Debug|Any CPU.ActiveCfg = Debug|Any CPU
		{6F2D572F-2258-4D71-9DAB-4C20C9F09E9A}.Debug|Any CPU.Build.0 = Debug|Any CPU
		{6F2D572F-2258-4D71-9DAB-4C20C9F09E9A}.Release|Any CPU.ActiveCfg = Release|Any CPU
		{6F2D572F-2258-4D71-9DAB-4C20C9F09E9A}.Release|Any CPU.Build.0 = Release|Any CPU
	EndGlobalSection
	GlobalSection(SolutionProperties) = preSolution
		HideSolutionNode = FALSE
	EndGlobalSection
	GlobalSection(ExtensibilityGlobals) = postSolution
		SolutionGuid = {8A1B9624-D404-4B30-AF5E-DEE0B18AD8A0}
	EndGlobalSection
EndGlobal
