
Microsoft Visual Studio Solution File, Format Version 12.00
# Visual Studio 15
Project("{FAE04EC0-301F-11D3-BF4B-00C04F79EFBC}") = "NWDUnityShared", "NWDUnityShared.csproj", "{F6DC3E64-D538-CE2F-57A4-4CF84A1629EC}"
EndProject
Project("{FAE04EC0-301F-11D3-BF4B-00C04F79EFBC}") = "NWDFoundation", "NWDFoundation.csproj", "{81E3E37A-55E7-7E87-49D1-F554B6CBBAE8}"
EndProject
Project("{FAE04EC0-301F-11D3-BF4B-00C04F79EFBC}") = "NWDUnityTests", "NWDUnityTests.csproj", "{EA32912B-4E8C-7FBD-7BEA-C3E21F72F23B}"
EndProject
Project("{FAE04EC0-301F-11D3-BF4B-00C04F79EFBC}") = "NWDEditor", "NWDEditor.csproj", "{F2C2213E-287C-8BF7-FA82-AC8EB3501DCA}"
EndProject
Project("{FAE04EC0-301F-11D3-BF4B-00C04F79EFBC}") = "NWDRuntime", "NWDRuntime.csproj", "{60384BC2-2FC1-6BDC-DAF6-D7DBDEA73AC6}"
EndProject
Project("{FAE04EC0-301F-11D3-BF4B-00C04F79EFBC}") = "NWDStandardModels", "NWDStandardModels.csproj", "{37963D81-B146-8F33-FC30-3F77ECAC242F}"
EndProject
Project("{FAE04EC0-301F-11D3-BF4B-00C04F79EFBC}") = "Assembly-CSharp", "Assembly-CSharp.csproj", "{60182021-61AD-E73D-A254-D82590B4A591}"
EndProject
Project("{FAE04EC0-301F-11D3-BF4B-00C04F79EFBC}") = "NWDUnityRuntime", "NWDUnityRuntime.csproj", "{9F707432-AFE5-F12A-62C2-1F1CFF5A4274}"
EndProject
Project("{FAE04EC0-301F-11D3-BF4B-00C04F79EFBC}") = "NWDCustomModels", "NWDCustomModels.csproj", "{BC332400-F525-FA55-A2BD-56C7B054E62C}"
EndProject
Project("{FAE04EC0-301F-11D3-BF4B-00C04F79EFBC}") = "NWDUnityStandardModel", "NWDUnityStandardModel.csproj", "{0E17965E-5231-8DBF-32AA-7012347E5C0C}"
EndProject
Project("{FAE04EC0-301F-11D3-BF4B-00C04F79EFBC}") = "NWDUnityEditor", "NWDUnityEditor.csproj", "{5D8DF24E-204E-625D-D083-F3A93F65DFA6}"
EndProject
Project("{FAE04EC0-301F-11D3-BF4B-00C04F79EFBC}") = "NWDTreat", "NWDTreat.csproj", "{8DEC1F8A-1E89-C466-D9C3-6A023013017E}"
EndProject
Project("{FAE04EC0-301F-11D3-BF4B-00C04F79EFBC}") = "NWDUnityTreat", "NWDUnityTreat.csproj", "{51917893-7FF7-1B93-A399-DB6EA434E855}"
EndProject
Global
	GlobalSection(SolutionConfigurationPlatforms) = preSolution
		Debug|Any CPU = Debug|Any CPU
		Release|Any CPU = Release|Any CPU
	EndGlobalSection
	GlobalSection(ProjectConfigurationPlatforms) = postSolution
		{F6DC3E64-D538-CE2F-57A4-4CF84A1629EC}.Debug|Any CPU.ActiveCfg = Debug|Any CPU
		{F6DC3E64-D538-CE2F-57A4-4CF84A1629EC}.Debug|Any CPU.Build.0 = Debug|Any CPU
		{F6DC3E64-D538-CE2F-57A4-4CF84A1629EC}.Release|Any CPU.ActiveCfg = Release|Any CPU
		{F6DC3E64-D538-CE2F-57A4-4CF84A1629EC}.Release|Any CPU.Build.0 = Release|Any CPU
		{81E3E37A-55E7-7E87-49D1-F554B6CBBAE8}.Debug|Any CPU.ActiveCfg = Debug|Any CPU
		{81E3E37A-55E7-7E87-49D1-F554B6CBBAE8}.Debug|Any CPU.Build.0 = Debug|Any CPU
		{81E3E37A-55E7-7E87-49D1-F554B6CBBAE8}.Release|Any CPU.ActiveCfg = Release|Any CPU
		{81E3E37A-55E7-7E87-49D1-F554B6CBBAE8}.Release|Any CPU.Build.0 = Release|Any CPU
		{EA32912B-4E8C-7FBD-7BEA-C3E21F72F23B}.Debug|Any CPU.ActiveCfg = Debug|Any CPU
		{EA32912B-4E8C-7FBD-7BEA-C3E21F72F23B}.Debug|Any CPU.Build.0 = Debug|Any CPU
		{EA32912B-4E8C-7FBD-7BEA-C3E21F72F23B}.Release|Any CPU.ActiveCfg = Release|Any CPU
		{EA32912B-4E8C-7FBD-7BEA-C3E21F72F23B}.Release|Any CPU.Build.0 = Release|Any CPU
		{F2C2213E-287C-8BF7-FA82-AC8EB3501DCA}.Debug|Any CPU.ActiveCfg = Debug|Any CPU
		{F2C2213E-287C-8BF7-FA82-AC8EB3501DCA}.Debug|Any CPU.Build.0 = Debug|Any CPU
		{F2C2213E-287C-8BF7-FA82-AC8EB3501DCA}.Release|Any CPU.ActiveCfg = Release|Any CPU
		{F2C2213E-287C-8BF7-FA82-AC8EB3501DCA}.Release|Any CPU.Build.0 = Release|Any CPU
		{60384BC2-2FC1-6BDC-DAF6-D7DBDEA73AC6}.Debug|Any CPU.ActiveCfg = Debug|Any CPU
		{60384BC2-2FC1-6BDC-DAF6-D7DBDEA73AC6}.Debug|Any CPU.Build.0 = Debug|Any CPU
		{60384BC2-2FC1-6BDC-DAF6-D7DBDEA73AC6}.Release|Any CPU.ActiveCfg = Release|Any CPU
		{60384BC2-2FC1-6BDC-DAF6-D7DBDEA73AC6}.Release|Any CPU.Build.0 = Release|Any CPU
		{37963D81-B146-8F33-FC30-3F77ECAC242F}.Debug|Any CPU.ActiveCfg = Debug|Any CPU
		{37963D81-B146-8F33-FC30-3F77ECAC242F}.Debug|Any CPU.Build.0 = Debug|Any CPU
		{37963D81-B146-8F33-FC30-3F77ECAC242F}.Release|Any CPU.ActiveCfg = Release|Any CPU
		{37963D81-B146-8F33-FC30-3F77ECAC242F}.Release|Any CPU.Build.0 = Release|Any CPU
		{60182021-61AD-E73D-A254-D82590B4A591}.Debug|Any CPU.ActiveCfg = Debug|Any CPU
		{60182021-61AD-E73D-A254-D82590B4A591}.Debug|Any CPU.Build.0 = Debug|Any CPU
		{60182021-61AD-E73D-A254-D82590B4A591}.Release|Any CPU.ActiveCfg = Release|Any CPU
		{60182021-61AD-E73D-A254-D82590B4A591}.Release|Any CPU.Build.0 = Release|Any CPU
		{9F707432-AFE5-F12A-62C2-1F1CFF5A4274}.Debug|Any CPU.ActiveCfg = Debug|Any CPU
		{9F707432-AFE5-F12A-62C2-1F1CFF5A4274}.Debug|Any CPU.Build.0 = Debug|Any CPU
		{9F707432-AFE5-F12A-62C2-1F1CFF5A4274}.Release|Any CPU.ActiveCfg = Release|Any CPU
		{9F707432-AFE5-F12A-62C2-1F1CFF5A4274}.Release|Any CPU.Build.0 = Release|Any CPU
		{BC332400-F525-FA55-A2BD-56C7B054E62C}.Debug|Any CPU.ActiveCfg = Debug|Any CPU
		{BC332400-F525-FA55-A2BD-56C7B054E62C}.Debug|Any CPU.Build.0 = Debug|Any CPU
		{BC332400-F525-FA55-A2BD-56C7B054E62C}.Release|Any CPU.ActiveCfg = Release|Any CPU
		{BC332400-F525-FA55-A2BD-56C7B054E62C}.Release|Any CPU.Build.0 = Release|Any CPU
		{0E17965E-5231-8DBF-32AA-7012347E5C0C}.Debug|Any CPU.ActiveCfg = Debug|Any CPU
		{0E17965E-5231-8DBF-32AA-7012347E5C0C}.Debug|Any CPU.Build.0 = Debug|Any CPU
		{0E17965E-5231-8DBF-32AA-7012347E5C0C}.Release|Any CPU.ActiveCfg = Release|Any CPU
		{0E17965E-5231-8DBF-32AA-7012347E5C0C}.Release|Any CPU.Build.0 = Release|Any CPU
		{5D8DF24E-204E-625D-D083-F3A93F65DFA6}.Debug|Any CPU.ActiveCfg = Debug|Any CPU
		{5D8DF24E-204E-625D-D083-F3A93F65DFA6}.Debug|Any CPU.Build.0 = Debug|Any CPU
		{5D8DF24E-204E-625D-D083-F3A93F65DFA6}.Release|Any CPU.ActiveCfg = Release|Any CPU
		{5D8DF24E-204E-625D-D083-F3A93F65DFA6}.Release|Any CPU.Build.0 = Release|Any CPU
		{8DEC1F8A-1E89-C466-D9C3-6A023013017E}.Debug|Any CPU.ActiveCfg = Debug|Any CPU
		{8DEC1F8A-1E89-C466-D9C3-6A023013017E}.Debug|Any CPU.Build.0 = Debug|Any CPU
		{8DEC1F8A-1E89-C466-D9C3-6A023013017E}.Release|Any CPU.ActiveCfg = Release|Any CPU
		{8DEC1F8A-1E89-C466-D9C3-6A023013017E}.Release|Any CPU.Build.0 = Release|Any CPU
		{51917893-7FF7-1B93-A399-DB6EA434E855}.Debug|Any CPU.ActiveCfg = Debug|Any CPU
		{51917893-7FF7-1B93-A399-DB6EA434E855}.Debug|Any CPU.Build.0 = Debug|Any CPU
		{51917893-7FF7-1B93-A399-DB6EA434E855}.Release|Any CPU.ActiveCfg = Release|Any CPU
		{51917893-7FF7-1B93-A399-DB6EA434E855}.Release|Any CPU.Build.0 = Release|Any CPU
	EndGlobalSection
	GlobalSection(SolutionProperties) = preSolution
		HideSolutionNode = FALSE
	EndGlobalSection
EndGlobal
